
Microsoft Visual Studio Solution File, Format Version 12.00
# Visual Studio Version 17
VisualStudioVersion = 17.8.34330.188
MinimumVisualStudioVersion = 10.0.40219.1
Project("{FAE04EC0-301F-11D3-BF4B-00C04F79EFBC}") = "Legion.app", "Legion.app\Legion.app.csproj", "{4F764ACA-04F0-4082-8B00-DA57F0429DD1}"
EndProject
Global
	GlobalSection(SolutionConfigurationPlatforms) = preSolution
		Debug|Any CPU = Debug|Any CPU
		Release|Any CPU = Release|Any CPU
	EndGlobalSection
	GlobalSection(ProjectConfigurationPlatforms) = postSolution
		{4F764ACA-04F0-4082-8B00-DA57F0429DD1}.Debug|Any CPU.ActiveCfg = Debug|Any CPU
		{4F764ACA-04F0-4082-8B00-DA57F0429DD1}.Debug|Any CPU.Build.0 = Debug|Any CPU
		{4F764ACA-04F0-4082-8B00-DA57F0429DD1}.Release|Any CPU.ActiveCfg = Release|Any CPU
		{4F764ACA-04F0-4082-8B00-DA57F0429DD1}.Release|Any CPU.Build.0 = Release|Any CPU
	EndGlobalSection
	GlobalSection(SolutionProperties) = preSolution
		HideSolutionNode = FALSE
	EndGlobalSection
	GlobalSection(ExtensibilityGlobals) = postSolution
		SolutionGuid = {FD235625-73E2-45C2-8F67-E6D432EC11B8}
	EndGlobalSection
EndGlobal
